
Microsoft Visual Studio Solution File, Format Version 12.00
# Visual Studio 15
VisualStudioVersion = 15.0.27428.2015
MinimumVisualStudioVersion = 10.0.40219.1
Project("{FAE04EC0-301F-11D3-BF4B-00C04F79EFBC}") = "TrueMarbleBiz", "TrueMarbleBiz.csproj", "{C7184E0F-11CE-4BFD-8FEA-B118096D0D20}"
EndProject
Global
	GlobalSection(SolutionConfigurationPlatforms) = preSolution
		Debug|Any CPU = Debug|Any CPU
		Release|Any CPU = Release|Any CPU
	EndGlobalSection
	GlobalSection(ProjectConfigurationPlatforms) = postSolution
		{C7184E0F-11CE-4BFD-8FEA-B118096D0D20}.Debug|Any CPU.ActiveCfg = Debug|Any CPU
		{C7184E0F-11CE-4BFD-8FEA-B118096D0D20}.Debug|Any CPU.Build.0 = Debug|Any CPU
		{C7184E0F-11CE-4BFD-8FEA-B118096D0D20}.Release|Any CPU.ActiveCfg = Release|Any CPU
		{C7184E0F-11CE-4BFD-8FEA-B118096D0D20}.Release|Any CPU.Build.0 = Release|Any CPU
	EndGlobalSection
	GlobalSection(SolutionProperties) = preSolution
		HideSolutionNode = FALSE
	EndGlobalSection
	GlobalSection(ExtensibilityGlobals) = postSolution
		SolutionGuid = {3F9A6ECB-A6B4-44E0-8CE4-CF18163814E5}
	EndGlobalSection
EndGlobal
