
Microsoft Visual Studio Solution File, Format Version 12.00
# Visual Studio 14
VisualStudioVersion = 14.0.23107.0
MinimumVisualStudioVersion = 10.0.40219.1
Project("{FAE04EC0-301F-11D3-BF4B-00C04F79EFBC}") = "TrueMarbleGUI", "TrueMarbleGUI.csproj", "{02383EDF-F517-446E-8D07-8F7DC5550323}"
EndProject
Global
	GlobalSection(SolutionConfigurationPlatforms) = preSolution
		Debug|Any CPU = Debug|Any CPU
		Release|Any CPU = Release|Any CPU
	EndGlobalSection
	GlobalSection(ProjectConfigurationPlatforms) = postSolution
		{02383EDF-F517-446E-8D07-8F7DC5550323}.Debug|Any CPU.ActiveCfg = Debug|Any CPU
		{02383EDF-F517-446E-8D07-8F7DC5550323}.Debug|Any CPU.Build.0 = Debug|Any CPU
		{02383EDF-F517-446E-8D07-8F7DC5550323}.Release|Any CPU.ActiveCfg = Release|Any CPU
		{02383EDF-F517-446E-8D07-8F7DC5550323}.Release|Any CPU.Build.0 = Release|Any CPU
	EndGlobalSection
	GlobalSection(SolutionProperties) = preSolution
		HideSolutionNode = FALSE
	EndGlobalSection
EndGlobal
